
Microsoft Visual Studio Solution File, Format Version 12.00
Project("{FAE04EC0-301F-11D3-BF4B-00C04F79EFBC}") = "SUTKT_K590_TRPO_Lesson_35-37", "SUTKT_K590_TRPO_Lesson_35-37\SUTKT_K590_TRPO_Lesson_35-37.csproj", "{90FA1C3B-EF45-4589-BA03-BAFA85E5F311}"
EndProject
Global
	GlobalSection(SolutionConfigurationPlatforms) = preSolution
		Debug|Any CPU = Debug|Any CPU
		Release|Any CPU = Release|Any CPU
	EndGlobalSection
	GlobalSection(ProjectConfigurationPlatforms) = postSolution
		{90FA1C3B-EF45-4589-BA03-BAFA85E5F311}.Debug|Any CPU.ActiveCfg = Debug|Any CPU
		{90FA1C3B-EF45-4589-BA03-BAFA85E5F311}.Debug|Any CPU.Build.0 = Debug|Any CPU
		{90FA1C3B-EF45-4589-BA03-BAFA85E5F311}.Release|Any CPU.ActiveCfg = Release|Any CPU
		{90FA1C3B-EF45-4589-BA03-BAFA85E5F311}.Release|Any CPU.Build.0 = Release|Any CPU
	EndGlobalSection
EndGlobal
